// !$*UTF8*$!
{
	archiveVersion = 1;
	classes = {
	};
	objectVersion = 46;
	objects = {

/* Begin PBXBuildFile section */
		11591ADE1CBA0071007B309D /* main.m in Sources */ = {isa = PBXBuildFile; fileRef = 11591ADD1CBA0071007B309D /* main.m */; };
		11591AE11CBA0071007B309D /* AppDelegate.m in Sources */ = {isa = PBXBuildFile; fileRef = 11591AE01CBA0071007B309D /* AppDelegate.m */; };
		11591AE41CBA0071007B309D /* ViewController.m in Sources */ = {isa = PBXBuildFile; fileRef = 11591AE31CBA0071007B309D /* ViewController.m */; };
		11591AE91CBA0071007B309D /* Images.xcassets in Resources */ = {isa = PBXBuildFile; fileRef = 11591AE81CBA0071007B309D /* Images.xcassets */; };
		11591AEC1CBA0071007B309D /* LaunchScreen.xib in Resources */ = {isa = PBXBuildFile; fileRef = 11591AEA1CBA0071007B309D /* LaunchScreen.xib */; };
		11591AF81CBA0071007B309D /* demoTests.m in Sources */ = {isa = PBXBuildFile; fileRef = 11591AF71CBA0071007B309D /* demoTests.m */; };
		11591B401CBA0557007B309D /* CFNetwork.framework in Frameworks */ = {isa = PBXBuildFile; fileRef = 11591B3F1CBA0557007B309D /* CFNetwork.framework */; };
		11591B421CBA0569007B309D /* Foundation.framework in Frameworks */ = {isa = PBXBuildFile; fileRef = 11591B411CBA0569007B309D /* Foundation.framework */; };
		11591B451CBA0593007B309D /* libsqlite3.0.dylib in Frameworks */ = {isa = PBXBuildFile; fileRef = 11591B431CBA0593007B309D /* libsqlite3.0.dylib */; };
		11591B461CBA0593007B309D /* libsqlite3.dylib in Frameworks */ = {isa = PBXBuildFile; fileRef = 11591B441CBA0593007B309D /* libsqlite3.dylib */; };
		11591B481CBA05A7007B309D /* UIKit.framework in Frameworks */ = {isa = PBXBuildFile; fileRef = 11591B471CBA05A7007B309D /* UIKit.framework */; };
		11591B4A1CBA05B6007B309D /* libz.1.2.5.dylib in Frameworks */ = {isa = PBXBuildFile; fileRef = 11591B491CBA05B6007B309D /* libz.1.2.5.dylib */; };
		11591B4C1CBA05C2007B309D /* MobileCoreServices.framework in Frameworks */ = {isa = PBXBuildFile; fileRef = 11591B4B1CBA05C2007B309D /* MobileCoreServices.framework */; };
		11591B4E1CBA05CC007B309D /* SystemConfiguration.framework in Frameworks */ = {isa = PBXBuildFile; fileRef = 11591B4D1CBA05CC007B309D /* SystemConfiguration.framework */; };
		11591B701CBA081C007B309D /* JSONKit.m in Sources */ = {isa = PBXBuildFile; fileRef = 11591B6F1CBA081C007B309D /* JSONKit.m */; settings = {COMPILER_FLAGS = "-fno-objc-arc"; }; };
		11591B731CBA082D007B309D /* MBProgressHUD.m in Sources */ = {isa = PBXBuildFile; fileRef = 11591B721CBA082C007B309D /* MBProgressHUD.m */; };
		11591B761CBA083A007B309D /* WebserviceHelp.m in Sources */ = {isa = PBXBuildFile; fileRef = 11591B751CBA083A007B309D /* WebserviceHelp.m */; };
		11591B821CBA0846007B309D /* FMDatabase.m in Sources */ = {isa = PBXBuildFile; fileRef = 11591B781CBA0846007B309D /* FMDatabase.m */; };
		11591B831CBA0846007B309D /* FMDatabaseAdditions.m in Sources */ = {isa = PBXBuildFile; fileRef = 11591B7A1CBA0846007B309D /* FMDatabaseAdditions.m */; };
		11591B841CBA0846007B309D /* FMDatabasePool.m in Sources */ = {isa = PBXBuildFile; fileRef = 11591B7C1CBA0846007B309D /* FMDatabasePool.m */; };
		11591B851CBA0846007B309D /* FMDatabaseQueue.m in Sources */ = {isa = PBXBuildFile; fileRef = 11591B7E1CBA0846007B309D /* FMDatabaseQueue.m */; };
		11591B861CBA0846007B309D /* FMResultSet.m in Sources */ = {isa = PBXBuildFile; fileRef = 11591B811CBA0846007B309D /* FMResultSet.m */; };
		11591B9E1CBA1034007B309D /* ASIAuthenticationDialog.m in Sources */ = {isa = PBXBuildFile; fileRef = 11591B891CBA1034007B309D /* ASIAuthenticationDialog.m */; settings = {COMPILER_FLAGS = "-fno-objc-arc"; }; };
		11591B9F1CBA1034007B309D /* ASIDataCompressor.m in Sources */ = {isa = PBXBuildFile; fileRef = 11591B8C1CBA1034007B309D /* ASIDataCompressor.m */; settings = {COMPILER_FLAGS = "-fno-objc-arc"; }; };
		11591BA01CBA1034007B309D /* ASIDataDecompressor.m in Sources */ = {isa = PBXBuildFile; fileRef = 11591B8E1CBA1034007B309D /* ASIDataDecompressor.m */; settings = {COMPILER_FLAGS = "-fno-objc-arc"; }; };
		11591BA11CBA1034007B309D /* ASIDownloadCache.m in Sources */ = {isa = PBXBuildFile; fileRef = 11591B901CBA1034007B309D /* ASIDownloadCache.m */; settings = {COMPILER_FLAGS = "-fno-objc-arc"; }; };
		11591BA21CBA1034007B309D /* ASIFormDataRequest.m in Sources */ = {isa = PBXBuildFile; fileRef = 11591B921CBA1034007B309D /* ASIFormDataRequest.m */; settings = {COMPILER_FLAGS = "-fno-objc-arc"; }; };
		11591BA31CBA1034007B309D /* ASIHTTPRequest.m in Sources */ = {isa = PBXBuildFile; fileRef = 11591B941CBA1034007B309D /* ASIHTTPRequest.m */; settings = {COMPILER_FLAGS = "-fno-objc-arc"; }; };
		11591BA41CBA1034007B309D /* ASIInputStream.m in Sources */ = {isa = PBXBuildFile; fileRef = 11591B981CBA1034007B309D /* ASIInputStream.m */; settings = {COMPILER_FLAGS = "-fno-objc-arc"; }; };
		11591BA51CBA1034007B309D /* ASINetworkQueue.m in Sources */ = {isa = PBXBuildFile; fileRef = 11591B9A1CBA1034007B309D /* ASINetworkQueue.m */; settings = {COMPILER_FLAGS = "-fno-objc-arc"; }; };
		11591BA61CBA1034007B309D /* Reachability.m in Sources */ = {isa = PBXBuildFile; fileRef = 11591B9D1CBA1034007B309D /* Reachability.m */; settings = {COMPILER_FLAGS = "-fno-objc-arc"; }; };
		11C767A31CBA1E4000413AA0 /* OtherViewController.m in Sources */ = {isa = PBXBuildFile; fileRef = 11C767A21CBA1E4000413AA0 /* OtherViewController.m */; };
		11C767A81CBA1ECE00413AA0 /* MainViewController.m in Sources */ = {isa = PBXBuildFile; fileRef = 11C767A71CBA1ECE00413AA0 /* MainViewController.m */; };
		11C767AB1CBA1F4000413AA0 /* TabBarViewController.m in Sources */ = {isa = PBXBuildFile; fileRef = 11C767AA1CBA1F4000413AA0 /* TabBarViewController.m */; };
		11C767AE1CBA23E200413AA0 /* Main.storyboard in Resources */ = {isa = PBXBuildFile; fileRef = 11C767AC1CBA23E200413AA0 /* Main.storyboard */; };
/* End PBXBuildFile section */

/* Begin PBXContainerItemProxy section */
		11591AF21CBA0071007B309D /* PBXContainerItemProxy */ = {
			isa = PBXContainerItemProxy;
			containerPortal = 11591AD01CBA0071007B309D /* Project object */;
			proxyType = 1;
			remoteGlobalIDString = 11591AD71CBA0071007B309D;
			remoteInfo = demo;
		};
/* End PBXContainerItemProxy section */

/* Begin PBXFileReference section */
		11591AD81CBA0071007B309D /* demo.app */ = {isa = PBXFileReference; explicitFileType = wrapper.application; includeInIndex = 0; path = demo.app; sourceTree = BUILT_PRODUCTS_DIR; };
		11591ADC1CBA0071007B309D /* Info.plist */ = {isa = PBXFileReference; lastKnownFileType = text.plist.xml; path = Info.plist; sourceTree = "<group>"; };
		11591ADD1CBA0071007B309D /* main.m */ = {isa = PBXFileReference; lastKnownFileType = sourcecode.c.objc; path = main.m; sourceTree = "<group>"; };
		11591ADF1CBA0071007B309D /* AppDelegate.h */ = {isa = PBXFileReference; lastKnownFileType = sourcecode.c.h; path = AppDelegate.h; sourceTree = "<group>"; };
		11591AE01CBA0071007B309D /* AppDelegate.m */ = {isa = PBXFileReference; lastKnownFileType = sourcecode.c.objc; path = AppDelegate.m; sourceTree = "<group>"; };
		11591AE21CBA0071007B309D /* ViewController.h */ = {isa = PBXFileReference; lastKnownFileType = sourcecode.c.h; path = ViewController.h; sourceTree = "<group>"; };
		11591AE31CBA0071007B309D /* ViewController.m */ = {isa = PBXFileReference; lastKnownFileType = sourcecode.c.objc; path = ViewController.m; sourceTree = "<group>"; };
		11591AE81CBA0071007B309D /* Images.xcassets */ = {isa = PBXFileReference; lastKnownFileType = folder.assetcatalog; path = Images.xcassets; sourceTree = "<group>"; };
		11591AEB1CBA0071007B309D /* Base */ = {isa = PBXFileReference; lastKnownFileType = file.xib; name = Base; path = Base.lproj/LaunchScreen.xib; sourceTree = "<group>"; };
		11591AF11CBA0071007B309D /* demoTests.xctest */ = {isa = PBXFileReference; explicitFileType = wrapper.cfbundle; includeInIndex = 0; path = demoTests.xctest; sourceTree = BUILT_PRODUCTS_DIR; };
		11591AF61CBA0071007B309D /* Info.plist */ = {isa = PBXFileReference; lastKnownFileType = text.plist.xml; path = Info.plist; sourceTree = "<group>"; };
		11591AF71CBA0071007B309D /* demoTests.m */ = {isa = PBXFileReference; lastKnownFileType = sourcecode.c.objc; path = demoTests.m; sourceTree = "<group>"; };
		11591B3F1CBA0557007B309D /* CFNetwork.framework */ = {isa = PBXFileReference; lastKnownFileType = wrapper.framework; name = CFNetwork.framework; path = System/Library/Frameworks/CFNetwork.framework; sourceTree = SDKROOT; };
		11591B411CBA0569007B309D /* Foundation.framework */ = {isa = PBXFileReference; lastKnownFileType = wrapper.framework; name = Foundation.framework; path = System/Library/Frameworks/Foundation.framework; sourceTree = SDKROOT; };
		11591B431CBA0593007B309D /* libsqlite3.0.dylib */ = {isa = PBXFileReference; lastKnownFileType = "compiled.mach-o.dylib"; name = libsqlite3.0.dylib; path = usr/lib/libsqlite3.0.dylib; sourceTree = SDKROOT; };
		11591B441CBA0593007B309D /* libsqlite3.dylib */ = {isa = PBXFileReference; lastKnownFileType = "compiled.mach-o.dylib"; name = libsqlite3.dylib; path = usr/lib/libsqlite3.dylib; sourceTree = SDKROOT; };
		11591B471CBA05A7007B309D /* UIKit.framework */ = {isa = PBXFileReference; lastKnownFileType = wrapper.framework; name = UIKit.framework; path = System/Library/Frameworks/UIKit.framework; sourceTree = SDKROOT; };
		11591B491CBA05B6007B309D /* libz.1.2.5.dylib */ = {isa = PBXFileReference; lastKnownFileType = "compiled.mach-o.dylib"; name = libz.1.2.5.dylib; path = usr/lib/libz.1.2.5.dylib; sourceTree = SDKROOT; };
		11591B4B1CBA05C2007B309D /* MobileCoreServices.framework */ = {isa = PBXFileReference; lastKnownFileType = wrapper.framework; name = MobileCoreServices.framework; path = System/Library/Frameworks/MobileCoreServices.framework; sourceTree = SDKROOT; };
		11591B4D1CBA05CC007B309D /* SystemConfiguration.framework */ = {isa = PBXFileReference; lastKnownFileType = wrapper.framework; name = SystemConfiguration.framework; path = System/Library/Frameworks/SystemConfiguration.framework; sourceTree = SDKROOT; };
		11591B6E1CBA081C007B309D /* JSONKit.h */ = {isa = PBXFileReference; fileEncoding = 4; lastKnownFileType = sourcecode.c.h; name = JSONKit.h; path = demo/JSONKit/JSONKit.h; sourceTree = "<group>"; };
		11591B6F1CBA081C007B309D /* JSONKit.m */ = {isa = PBXFileReference; fileEncoding = 4; lastKnownFileType = sourcecode.c.objc; name = JSONKit.m; path = demo/JSONKit/JSONKit.m; sourceTree = "<group>"; };
		11591B711CBA082C007B309D /* MBProgressHUD.h */ = {isa = PBXFileReference; fileEncoding = 4; lastKnownFileType = sourcecode.c.h; name = MBProgressHUD.h; path = demo/MBProgressHUD/MBProgressHUD.h; sourceTree = "<group>"; };
		11591B721CBA082C007B309D /* MBProgressHUD.m */ = {isa = PBXFileReference; fileEncoding = 4; lastKnownFileType = sourcecode.c.objc; name = MBProgressHUD.m; path = demo/MBProgressHUD/MBProgressHUD.m; sourceTree = "<group>"; };
		11591B741CBA083A007B309D /* WebserviceHelp.h */ = {isa = PBXFileReference; fileEncoding = 4; lastKnownFileType = sourcecode.c.h; name = WebserviceHelp.h; path = demo/WebServiceHelp/WebserviceHelp.h; sourceTree = "<group>"; };
		11591B751CBA083A007B309D /* WebserviceHelp.m */ = {isa = PBXFileReference; fileEncoding = 4; lastKnownFileType = sourcecode.c.objc; name = WebserviceHelp.m; path = demo/WebServiceHelp/WebserviceHelp.m; sourceTree = "<group>"; };
		11591B771CBA0846007B309D /* FMDatabase.h */ = {isa = PBXFileReference; fileEncoding = 4; lastKnownFileType = sourcecode.c.h; name = FMDatabase.h; path = demo/FMDB/FMDatabase.h; sourceTree = "<group>"; };
		11591B781CBA0846007B309D /* FMDatabase.m */ = {isa = PBXFileReference; fileEncoding = 4; lastKnownFileType = sourcecode.c.objc; name = FMDatabase.m; path = demo/FMDB/FMDatabase.m; sourceTree = "<group>"; };
		11591B791CBA0846007B309D /* FMDatabaseAdditions.h */ = {isa = PBXFileReference; fileEncoding = 4; lastKnownFileType = sourcecode.c.h; name = FMDatabaseAdditions.h; path = demo/FMDB/FMDatabaseAdditions.h; sourceTree = "<group>"; };
		11591B7A1CBA0846007B309D /* FMDatabaseAdditions.m */ = {isa = PBXFileReference; fileEncoding = 4; lastKnownFileType = sourcecode.c.objc; name = FMDatabaseAdditions.m; path = demo/FMDB/FMDatabaseAdditions.m; sourceTree = "<group>"; };
		11591B7B1CBA0846007B309D /* FMDatabasePool.h */ = {isa = PBXFileReference; fileEncoding = 4; lastKnownFileType = sourcecode.c.h; name = FMDatabasePool.h; path = demo/FMDB/FMDatabasePool.h; sourceTree = "<group>"; };
		11591B7C1CBA0846007B309D /* FMDatabasePool.m */ = {isa = PBXFileReference; fileEncoding = 4; lastKnownFileType = sourcecode.c.objc; name = FMDatabasePool.m; path = demo/FMDB/FMDatabasePool.m; sourceTree = "<group>"; };
		11591B7D1CBA0846007B309D /* FMDatabaseQueue.h */ = {isa = PBXFileReference; fileEncoding = 4; lastKnownFileType = sourcecode.c.h; name = FMDatabaseQueue.h; path = demo/FMDB/FMDatabaseQueue.h; sourceTree = "<group>"; };
		11591B7E1CBA0846007B309D /* FMDatabaseQueue.m */ = {isa = PBXFileReference; fileEncoding = 4; lastKnownFileType = sourcecode.c.objc; name = FMDatabaseQueue.m; path = demo/FMDB/FMDatabaseQueue.m; sourceTree = "<group>"; };
		11591B7F1CBA0846007B309D /* FMDB.h */ = {isa = PBXFileReference; fileEncoding = 4; lastKnownFileType = sourcecode.c.h; name = FMDB.h; path = demo/FMDB/FMDB.h; sourceTree = "<group>"; };
		11591B801CBA0846007B309D /* FMResultSet.h */ = {isa = PBXFileReference; fileEncoding = 4; lastKnownFileType = sourcecode.c.h; name = FMResultSet.h; path = demo/FMDB/FMResultSet.h; sourceTree = "<group>"; };
		11591B811CBA0846007B309D /* FMResultSet.m */ = {isa = PBXFileReference; fileEncoding = 4; lastKnownFileType = sourcecode.c.objc; name = FMResultSet.m; path = demo/FMDB/FMResultSet.m; sourceTree = "<group>"; };
		11591B881CBA1034007B309D /* ASIAuthenticationDialog.h */ = {isa = PBXFileReference; fileEncoding = 4; lastKnownFileType = sourcecode.c.h; name = ASIAuthenticationDialog.h; path = demo/ASIHTTPRequest/ASIAuthenticationDialog.h; sourceTree = "<group>"; };
		11591B891CBA1034007B309D /* ASIAuthenticationDialog.m */ = {isa = PBXFileReference; fileEncoding = 4; lastKnownFileType = sourcecode.c.objc; name = ASIAuthenticationDialog.m; path = demo/ASIHTTPRequest/ASIAuthenticationDialog.m; sourceTree = "<group>"; };
		11591B8A1CBA1034007B309D /* ASICacheDelegate.h */ = {isa = PBXFileReference; fileEncoding = 4; lastKnownFileType = sourcecode.c.h; name = ASICacheDelegate.h; path = demo/ASIHTTPRequest/ASICacheDelegate.h; sourceTree = "<group>"; };
		11591B8B1CBA1034007B309D /* ASIDataCompressor.h */ = {isa = PBXFileReference; fileEncoding = 4; lastKnownFileType = sourcecode.c.h; name = ASIDataCompressor.h; path = demo/ASIHTTPRequest/ASIDataCompressor.h; sourceTree = "<group>"; };
		11591B8C1CBA1034007B309D /* ASIDataCompressor.m */ = {isa = PBXFileReference; fileEncoding = 4; lastKnownFileType = sourcecode.c.objc; name = ASIDataCompressor.m; path = demo/ASIHTTPRequest/ASIDataCompressor.m; sourceTree = "<group>"; };
		11591B8D1CBA1034007B309D /* ASIDataDecompressor.h */ = {isa = PBXFileReference; fileEncoding = 4; lastKnownFileType = sourcecode.c.h; name = ASIDataDecompressor.h; path = demo/ASIHTTPRequest/ASIDataDecompressor.h; sourceTree = "<group>"; };
		11591B8E1CBA1034007B309D /* ASIDataDecompressor.m */ = {isa = PBXFileReference; fileEncoding = 4; lastKnownFileType = sourcecode.c.objc; name = ASIDataDecompressor.m; path = demo/ASIHTTPRequest/ASIDataDecompressor.m; sourceTree = "<group>"; };
		11591B8F1CBA1034007B309D /* ASIDownloadCache.h */ = {isa = PBXFileReference; fileEncoding = 4; lastKnownFileType = sourcecode.c.h; name = ASIDownloadCache.h; path = demo/ASIHTTPRequest/ASIDownloadCache.h; sourceTree = "<group>"; };
		11591B901CBA1034007B309D /* ASIDownloadCache.m */ = {isa = PBXFileReference; fileEncoding = 4; lastKnownFileType = sourcecode.c.objc; name = ASIDownloadCache.m; path = demo/ASIHTTPRequest/ASIDownloadCache.m; sourceTree = "<group>"; };
		11591B911CBA1034007B309D /* ASIFormDataRequest.h */ = {isa = PBXFileReference; fileEncoding = 4; lastKnownFileType = sourcecode.c.h; name = ASIFormDataRequest.h; path = demo/ASIHTTPRequest/ASIFormDataRequest.h; sourceTree = "<group>"; };
		11591B921CBA1034007B309D /* ASIFormDataRequest.m */ = {isa = PBXFileReference; fileEncoding = 4; lastKnownFileType = sourcecode.c.objc; name = ASIFormDataRequest.m; path = demo/ASIHTTPRequest/ASIFormDataRequest.m; sourceTree = "<group>"; };
		11591B931CBA1034007B309D /* ASIHTTPRequest.h */ = {isa = PBXFileReference; fileEncoding = 4; lastKnownFileType = sourcecode.c.h; name = ASIHTTPRequest.h; path = demo/ASIHTTPRequest/ASIHTTPRequest.h; sourceTree = "<group>"; };
		11591B941CBA1034007B309D /* ASIHTTPRequest.m */ = {isa = PBXFileReference; fileEncoding = 4; lastKnownFileType = sourcecode.c.objc; name = ASIHTTPRequest.m; path = demo/ASIHTTPRequest/ASIHTTPRequest.m; sourceTree = "<group>"; };
		11591B951CBA1034007B309D /* ASIHTTPRequestConfig.h */ = {isa = PBXFileReference; fileEncoding = 4; lastKnownFileType = sourcecode.c.h; name = ASIHTTPRequestConfig.h; path = demo/ASIHTTPRequest/ASIHTTPRequestConfig.h; sourceTree = "<group>"; };
		11591B961CBA1034007B309D /* ASIHTTPRequestDelegate.h */ = {isa = PBXFileReference; fileEncoding = 4; lastKnownFileType = sourcecode.c.h; name = ASIHTTPRequestDelegate.h; path = demo/ASIHTTPRequest/ASIHTTPRequestDelegate.h; sourceTree = "<group>"; };
		11591B971CBA1034007B309D /* ASIInputStream.h */ = {isa = PBXFileReference; fileEncoding = 4; lastKnownFileType = sourcecode.c.h; name = ASIInputStream.h; path = demo/ASIHTTPRequest/ASIInputStream.h; sourceTree = "<group>"; };
		11591B981CBA1034007B309D /* ASIInputStream.m */ = {isa = PBXFileReference; fileEncoding = 4; lastKnownFileType = sourcecode.c.objc; name = ASIInputStream.m; path = demo/ASIHTTPRequest/ASIInputStream.m; sourceTree = "<group>"; };
		11591B991CBA1034007B309D /* ASINetworkQueue.h */ = {isa = PBXFileReference; fileEncoding = 4; lastKnownFileType = sourcecode.c.h; name = ASINetworkQueue.h; path = demo/ASIHTTPRequest/ASINetworkQueue.h; sourceTree = "<group>"; };
		11591B9A1CBA1034007B309D /* ASINetworkQueue.m */ = {isa = PBXFileReference; fileEncoding = 4; lastKnownFileType = sourcecode.c.objc; name = ASINetworkQueue.m; path = demo/ASIHTTPRequest/ASINetworkQueue.m; sourceTree = "<group>"; };
		11591B9B1CBA1034007B309D /* ASIProgressDelegate.h */ = {isa = PBXFileReference; fileEncoding = 4; lastKnownFileType = sourcecode.c.h; name = ASIProgressDelegate.h; path = demo/ASIHTTPRequest/ASIProgressDelegate.h; sourceTree = "<group>"; };
		11591B9C1CBA1034007B309D /* Reachability.h */ = {isa = PBXFileReference; fileEncoding = 4; lastKnownFileType = sourcecode.c.h; name = Reachability.h; path = demo/ASIHTTPRequest/Reachability.h; sourceTree = "<group>"; };
		11591B9D1CBA1034007B309D /* Reachability.m */ = {isa = PBXFileReference; fileEncoding = 4; lastKnownFileType = sourcecode.c.objc; name = Reachability.m; path = demo/ASIHTTPRequest/Reachability.m; sourceTree = "<group>"; };
		11C767A11CBA1E4000413AA0 /* OtherViewController.h */ = {isa = PBXFileReference; fileEncoding = 4; lastKnownFileType = sourcecode.c.h; path = OtherViewController.h; sourceTree = "<group>"; };
		11C767A21CBA1E4000413AA0 /* OtherViewController.m */ = {isa = PBXFileReference; fileEncoding = 4; lastKnownFileType = sourcecode.c.objc; path = OtherViewController.m; sourceTree = "<group>"; };
		11C767A61CBA1ECE00413AA0 /* MainViewController.h */ = {isa = PBXFileReference; fileEncoding = 4; lastKnownFileType = sourcecode.c.h; path = MainViewController.h; sourceTree = "<group>"; };
		11C767A71CBA1ECE00413AA0 /* MainViewController.m */ = {isa = PBXFileReference; fileEncoding = 4; lastKnownFileType = sourcecode.c.objc; path = MainViewController.m; sourceTree = "<group>"; };
		11C767A91CBA1F4000413AA0 /* TabBarViewController.h */ = {isa = PBXFileReference; fileEncoding = 4; lastKnownFileType = sourcecode.c.h; path = TabBarViewController.h; sourceTree = "<group>"; };
		11C767AA1CBA1F4000413AA0 /* TabBarViewController.m */ = {isa = PBXFileReference; fileEncoding = 4; lastKnownFileType = sourcecode.c.objc; path = TabBarViewController.m; sourceTree = "<group>"; };
		11C767AD1CBA23E200413AA0 /* Base */ = {isa = PBXFileReference; lastKnownFileType = file.storyboard; name = Base; path = Base.lproj/Main.storyboard; sourceTree = "<group>"; };
/* End PBXFileReference section */

/* Begin PBXFrameworksBuildPhase section */
		11591AD51CBA0071007B309D /* Frameworks */ = {
			isa = PBXFrameworksBuildPhase;
			buildActionMask = 2147483647;
			files = (
				11591B4E1CBA05CC007B309D /* SystemConfiguration.framework in Frameworks */,
				11591B4C1CBA05C2007B309D /* MobileCoreServices.framework in Frameworks */,
				11591B4A1CBA05B6007B309D /* libz.1.2.5.dylib in Frameworks */,
				11591B481CBA05A7007B309D /* UIKit.framework in Frameworks */,
				11591B451CBA0593007B309D /* libsqlite3.0.dylib in Frameworks */,
				11591B461CBA0593007B309D /* libsqlite3.dylib in Frameworks */,
				11591B421CBA0569007B309D /* Foundation.framework in Frameworks */,
				11591B401CBA0557007B309D /* CFNetwork.framework in Frameworks */,
			);
			runOnlyForDeploymentPostprocessing = 0;
		};
		11591AEE1CBA0071007B309D /* Frameworks */ = {
			isa = PBXFrameworksBuildPhase;
			buildActionMask = 2147483647;
			files = (
			);
			runOnlyForDeploymentPostprocessing = 0;
		};
/* End PBXFrameworksBuildPhase section */

/* Begin PBXGroup section */
		11591ACF1CBA0071007B309D = {
			isa = PBXGroup;
			children = (
				11591B871CBA0F7E007B309D /* ASIHTTPRequest */,
				11591B3E1CBA051E007B309D /* Frameworks */,
				11591B1A1CBA041C007B309D /* JSONKit */,
				11591B161CBA03DE007B309D /* MBProgressHUD */,
				11591B121CBA039C007B309D /* WebServiceHelp */,
				11591B011CBA0080007B309D /* FMDB */,
				11591ADA1CBA0071007B309D /* demo */,
				11591AF41CBA0071007B309D /* demoTests */,
				11591AD91CBA0071007B309D /* Products */,
			);
			sourceTree = "<group>";
		};
		11591AD91CBA0071007B309D /* Products */ = {
			isa = PBXGroup;
			children = (
				11591AD81CBA0071007B309D /* demo.app */,
				11591AF11CBA0071007B309D /* demoTests.xctest */,
			);
			name = Products;
			sourceTree = "<group>";
		};
		11591ADA1CBA0071007B309D /* demo */ = {
			isa = PBXGroup;
			children = (
				11C767AC1CBA23E200413AA0 /* Main.storyboard */,
				11C767A91CBA1F4000413AA0 /* TabBarViewController.h */,
				11C767AA1CBA1F4000413AA0 /* TabBarViewController.m */,
				11C767A61CBA1ECE00413AA0 /* MainViewController.h */,
				11C767A71CBA1ECE00413AA0 /* MainViewController.m */,
				11C767A11CBA1E4000413AA0 /* OtherViewController.h */,
				11C767A21CBA1E4000413AA0 /* OtherViewController.m */,
				11591ADF1CBA0071007B309D /* AppDelegate.h */,
				11591AE01CBA0071007B309D /* AppDelegate.m */,
				11591AE21CBA0071007B309D /* ViewController.h */,
				11591AE31CBA0071007B309D /* ViewController.m */,
				11591AE81CBA0071007B309D /* Images.xcassets */,
				11591AEA1CBA0071007B309D /* LaunchScreen.xib */,
				11591ADB1CBA0071007B309D /* Supporting Files */,
			);
			path = demo;
			sourceTree = "<group>";
		};
		11591ADB1CBA0071007B309D /* Supporting Files */ = {
			isa = PBXGroup;
			children = (
				11591ADC1CBA0071007B309D /* Info.plist */,
				11591ADD1CBA0071007B309D /* main.m */,
			);
			name = "Supporting Files";
			sourceTree = "<group>";
		};
		11591AF41CBA0071007B309D /* demoTests */ = {
			isa = PBXGroup;
			children = (
				11591AF71CBA0071007B309D /* demoTests.m */,
				11591AF51CBA0071007B309D /* Supporting Files */,
			);
			path = demoTests;
			sourceTree = "<group>";
		};
		11591AF51CBA0071007B309D /* Supporting Files */ = {
			isa = PBXGroup;
			children = (
				11591AF61CBA0071007B309D /* Info.plist */,
			);
			name = "Supporting Files";
			sourceTree = "<group>";
		};
		11591B011CBA0080007B309D /* FMDB */ = {
			isa = PBXGroup;
			children = (
				11591B771CBA0846007B309D /* FMDatabase.h */,
				11591B781CBA0846007B309D /* FMDatabase.m */,
				11591B791CBA0846007B309D /* FMDatabaseAdditions.h */,
				11591B7A1CBA0846007B309D /* FMDatabaseAdditions.m */,
				11591B7B1CBA0846007B309D /* FMDatabasePool.h */,
				11591B7C1CBA0846007B309D /* FMDatabasePool.m */,
				11591B7D1CBA0846007B309D /* FMDatabaseQueue.h */,
				11591B7E1CBA0846007B309D /* FMDatabaseQueue.m */,
				11591B7F1CBA0846007B309D /* FMDB.h */,
				11591B801CBA0846007B309D /* FMResultSet.h */,
				11591B811CBA0846007B309D /* FMResultSet.m */,
			);
			name = FMDB;
			sourceTree = "<group>";
		};
		11591B121CBA039C007B309D /* WebServiceHelp */ = {
			isa = PBXGroup;
			children = (
				11591B741CBA083A007B309D /* WebserviceHelp.h */,
				11591B751CBA083A007B309D /* WebserviceHelp.m */,
			);
			name = WebServiceHelp;
			sourceTree = "<group>";
		};
		11591B161CBA03DE007B309D /* MBProgressHUD */ = {
			isa = PBXGroup;
			children = (
				11591B711CBA082C007B309D /* MBProgressHUD.h */,
				11591B721CBA082C007B309D /* MBProgressHUD.m */,
			);
			name = MBProgressHUD;
			sourceTree = "<group>";
		};
		11591B1A1CBA041C007B309D /* JSONKit */ = {
			isa = PBXGroup;
			children = (
				11591B6E1CBA081C007B309D /* JSONKit.h */,
				11591B6F1CBA081C007B309D /* JSONKit.m */,
			);
			name = JSONKit;
			sourceTree = "<group>";
		};
		11591B3E1CBA051E007B309D /* Frameworks */ = {
			isa = PBXGroup;
			children = (
				11591B4D1CBA05CC007B309D /* SystemConfiguration.framework */,
				11591B4B1CBA05C2007B309D /* MobileCoreServices.framework */,
				11591B491CBA05B6007B309D /* libz.1.2.5.dylib */,
				11591B471CBA05A7007B309D /* UIKit.framework */,
				11591B431CBA0593007B309D /* libsqlite3.0.dylib */,
				11591B441CBA0593007B309D /* libsqlite3.dylib */,
				11591B411CBA0569007B309D /* Foundation.framework */,
				11591B3F1CBA0557007B309D /* CFNetwork.framework */,
			);
			name = Frameworks;
			sourceTree = "<group>";
		};
		11591B871CBA0F7E007B309D /* ASIHTTPRequest */ = {
			isa = PBXGroup;
			children = (
				11591B881CBA1034007B309D /* ASIAuthenticationDialog.h */,
				11591B891CBA1034007B309D /* ASIAuthenticationDialog.m */,
				11591B8A1CBA1034007B309D /* ASICacheDelegate.h */,
				11591B8B1CBA1034007B309D /* ASIDataCompressor.h */,
				11591B8C1CBA1034007B309D /* ASIDataCompressor.m */,
				11591B8D1CBA1034007B309D /* ASIDataDecompressor.h */,
				11591B8E1CBA1034007B309D /* ASIDataDecompressor.m */,
				11591B8F1CBA1034007B309D /* ASIDownloadCache.h */,
				11591B901CBA1034007B309D /* ASIDownloadCache.m */,
				11591B911CBA1034007B309D /* ASIFormDataRequest.h */,
				11591B921CBA1034007B309D /* ASIFormDataRequest.m */,
				11591B931CBA1034007B309D /* ASIHTTPRequest.h */,
				11591B941CBA1034007B309D /* ASIHTTPRequest.m */,
				11591B951CBA1034007B309D /* ASIHTTPRequestConfig.h */,
				11591B961CBA1034007B309D /* ASIHTTPRequestDelegate.h */,
				11591B971CBA1034007B309D /* ASIInputStream.h */,
				11591B981CBA1034007B309D /* ASIInputStream.m */,
				11591B991CBA1034007B309D /* ASINetworkQueue.h */,
				11591B9A1CBA1034007B309D /* ASINetworkQueue.m */,
				11591B9B1CBA1034007B309D /* ASIProgressDelegate.h */,
				11591B9C1CBA1034007B309D /* Reachability.h */,
				11591B9D1CBA1034007B309D /* Reachability.m */,
			);
			name = ASIHTTPRequest;
			sourceTree = "<group>";
		};
/* End PBXGroup section */

/* Begin PBXNativeTarget section */
		11591AD71CBA0071007B309D /* demo */ = {
			isa = PBXNativeTarget;
			buildConfigurationList = 11591AFB1CBA0071007B309D /* Build configuration list for PBXNativeTarget "demo" */;
			buildPhases = (
				11591AD41CBA0071007B309D /* Sources */,
				11591AD51CBA0071007B309D /* Frameworks */,
				11591AD61CBA0071007B309D /* Resources */,
			);
			buildRules = (
			);
			dependencies = (
			);
			name = demo;
			productName = demo;
			productReference = 11591AD81CBA0071007B309D /* demo.app */;
			productType = "com.apple.product-type.application";
		};
		11591AF01CBA0071007B309D /* demoTests */ = {
			isa = PBXNativeTarget;
			buildConfigurationList = 11591AFE1CBA0071007B309D /* Build configuration list for PBXNativeTarget "demoTests" */;
			buildPhases = (
				11591AED1CBA0071007B309D /* Sources */,
				11591AEE1CBA0071007B309D /* Frameworks */,
				11591AEF1CBA0071007B309D /* Resources */,
			);
			buildRules = (
			);
			dependencies = (
				11591AF31CBA0071007B309D /* PBXTargetDependency */,
			);
			name = demoTests;
			productName = demoTests;
			productReference = 11591AF11CBA0071007B309D /* demoTests.xctest */;
			productType = "com.apple.product-type.bundle.unit-test";
		};
/* End PBXNativeTarget section */

/* Begin PBXProject section */
		11591AD01CBA0071007B309D /* Project object */ = {
			isa = PBXProject;
			attributes = {
				LastUpgradeCheck = 0630;
				ORGANIZATIONNAME = "王欢";
				TargetAttributes = {
					11591AD71CBA0071007B309D = {
						CreatedOnToolsVersion = 6.3.2;
					};
					11591AF01CBA0071007B309D = {
						CreatedOnToolsVersion = 6.3.2;
						TestTargetID = 11591AD71CBA0071007B309D;
					};
				};
			};
			buildConfigurationList = 11591AD31CBA0071007B309D /* Build configuration list for PBXProject "demo" */;
			compatibilityVersion = "Xcode 3.2";
			developmentRegion = English;
			hasScannedForEncodings = 0;
			knownRegions = (
				en,
				Base,
			);
			mainGroup = 11591ACF1CBA0071007B309D;
			productRefGroup = 11591AD91CBA0071007B309D /* Products */;
			projectDirPath = "";
			projectRoot = "";
			targets = (
				11591AD71CBA0071007B309D /* demo */,
				11591AF01CBA0071007B309D /* demoTests */,
			);
		};
/* End PBXProject section */

/* Begin PBXResourcesBuildPhase section */
		11591AD61CBA0071007B309D /* Resources */ = {
			isa = PBXResourcesBuildPhase;
			buildActionMask = 2147483647;
			files = (
				11C767AE1CBA23E200413AA0 /* Main.storyboard in Resources */,
				11591AEC1CBA0071007B309D /* LaunchScreen.xib in Resources */,
				11591AE91CBA0071007B309D /* Images.xcassets in Resources */,
			);
			runOnlyForDeploymentPostprocessing = 0;
		};
		11591AEF1CBA0071007B309D /* Resources */ = {
			isa = PBXResourcesBuildPhase;
			buildActionMask = 2147483647;
			files = (
			);
			runOnlyForDeploymentPostprocessing = 0;
		};
/* End PBXResourcesBuildPhase section */

/* Begin PBXSourcesBuildPhase section */
		11591AD41CBA0071007B309D /* Sources */ = {
			isa = PBXSourcesBuildPhase;
			buildActionMask = 2147483647;
			files = (
				11591AE41CBA0071007B309D /* ViewController.m in Sources */,
				11591B9E1CBA1034007B309D /* ASIAuthenticationDialog.m in Sources */,
				11591BA11CBA1034007B309D /* ASIDownloadCache.m in Sources */,
				11591BA21CBA1034007B309D /* ASIFormDataRequest.m in Sources */,
				11591BA51CBA1034007B309D /* ASINetworkQueue.m in Sources */,
				11591B831CBA0846007B309D /* FMDatabaseAdditions.m in Sources */,
				11591AE11CBA0071007B309D /* AppDelegate.m in Sources */,
				11591B701CBA081C007B309D /* JSONKit.m in Sources */,
				11591BA31CBA1034007B309D /* ASIHTTPRequest.m in Sources */,
				11591B851CBA0846007B309D /* FMDatabaseQueue.m in Sources */,
				11591ADE1CBA0071007B309D /* main.m in Sources */,
				11C767A81CBA1ECE00413AA0 /* MainViewController.m in Sources */,
				11591B761CBA083A007B309D /* WebserviceHelp.m in Sources */,
				11C767A31CBA1E4000413AA0 /* OtherViewController.m in Sources */,
				11591B9F1CBA1034007B309D /* ASIDataCompressor.m in Sources */,
				11591B861CBA0846007B309D /* FMResultSet.m in Sources */,
				11591BA61CBA1034007B309D /* Reachability.m in Sources */,
				11C767AB1CBA1F4000413AA0 /* TabBarViewController.m in Sources */,
				11591B841CBA0846007B309D /* FMDatabasePool.m in Sources */,
				11591BA41CBA1034007B309D /* ASIInputStream.m in Sources */,
				11591BA01CBA1034007B309D /* ASIDataDecompressor.m in Sources */,
				11591B731CBA082D007B309D /* MBProgressHUD.m in Sources */,
				11591B821CBA0846007B309D /* FMDatabase.m in Sources */,
			);
			runOnlyForDeploymentPostprocessing = 0;
		};
		11591AED1CBA0071007B309D /* Sources */ = {
			isa = PBXSourcesBuildPhase;
			buildActionMask = 2147483647;
			files = (
				11591AF81CBA0071007B309D /* demoTests.m in Sources */,
			);
			runOnlyForDeploymentPostprocessing = 0;
		};
/* End PBXSourcesBuildPhase section */

/* Begin PBXTargetDependency section */
		11591AF31CBA0071007B309D /* PBXTargetDependency */ = {
			isa = PBXTargetDependency;
			target = 11591AD71CBA0071007B309D /* demo */;
			targetProxy = 11591AF21CBA0071007B309D /* PBXContainerItemProxy */;
		};
/* End PBXTargetDependency section */

/* Begin PBXVariantGroup section */
		11591AEA1CBA0071007B309D /* LaunchScreen.xib */ = {
			isa = PBXVariantGroup;
			children = (
				11591AEB1CBA0071007B309D /* Base */,
			);
			name = LaunchScreen.xib;
			sourceTree = "<group>";
		};
		11C767AC1CBA23E200413AA0 /* Main.storyboard */ = {
			isa = PBXVariantGroup;
			children = (
				11C767AD1CBA23E200413AA0 /* Base */,
			);
			name = Main.storyboard;
			sourceTree = "<group>";
		};
/* End PBXVariantGroup section */

/* Begin XCBuildConfiguration section */
		11591AF91CBA0071007B309D /* Debug */ = {
			isa = XCBuildConfiguration;
			buildSettings = {
				ALWAYS_SEARCH_USER_PATHS = NO;
				CLANG_CXX_LANGUAGE_STANDARD = "gnu++0x";
				CLANG_CXX_LIBRARY = "libc++";
				CLANG_ENABLE_MODULES = YES;
				CLANG_ENABLE_OBJC_ARC = YES;
				CLANG_WARN_BOOL_CONVERSION = YES;
				CLANG_WARN_CONSTANT_CONVERSION = YES;
				CLANG_WARN_DIRECT_OBJC_ISA_USAGE = YES_ERROR;
				CLANG_WARN_EMPTY_BODY = YES;
				CLANG_WARN_ENUM_CONVERSION = YES;
				CLANG_WARN_INT_CONVERSION = YES;
				CLANG_WARN_OBJC_ROOT_CLASS = YES_ERROR;
				CLANG_WARN_UNREACHABLE_CODE = YES;
				CLANG_WARN__DUPLICATE_METHOD_MATCH = YES;
				"CODE_SIGN_IDENTITY[sdk=iphoneos*]" = "iPhone Developer";
				COPY_PHASE_STRIP = NO;
				DEBUG_INFORMATION_FORMAT = "dwarf-with-dsym";
				ENABLE_STRICT_OBJC_MSGSEND = YES;
				GCC_C_LANGUAGE_STANDARD = gnu99;
				GCC_DYNAMIC_NO_PIC = NO;
				GCC_NO_COMMON_BLOCKS = YES;
				GCC_OPTIMIZATION_LEVEL = 0;
				GCC_PREPROCESSOR_DEFINITIONS = (
					"DEBUG=1",
					"$(inherited)",
				);
				GCC_SYMBOLS_PRIVATE_EXTERN = NO;
				GCC_WARN_64_TO_32_BIT_CONVERSION = YES;
				GCC_WARN_ABOUT_RETURN_TYPE = YES_ERROR;
				GCC_WARN_UNDECLARED_SELECTOR = YES;
				GCC_WARN_UNINITIALIZED_AUTOS = YES_AGGRESSIVE;
				GCC_WARN_UNUSED_FUNCTION = YES;
				GCC_WARN_UNUSED_VARIABLE = YES;
				IPHONEOS_DEPLOYMENT_TARGET = 8.3;
				MTL_ENABLE_DEBUG_INFO = YES;
				ONLY_ACTIVE_ARCH = YES;
				SDKROOT = iphoneos;
				TARGETED_DEVICE_FAMILY = "1,2";
			};
			name = Debug;
		};
		11591AFA1CBA0071007B309D /* Release */ = {
			isa = XCBuildConfiguration;
			buildSettings = {
				ALWAYS_SEARCH_USER_PATHS = NO;
				CLANG_CXX_LANGUAGE_STANDARD = "gnu++0x";
				CLANG_CXX_LIBRARY = "libc++";
				CLANG_ENABLE_MODULES = YES;
				CLANG_ENABLE_OBJC_ARC = YES;
				CLANG_WARN_BOOL_CONVERSION = YES;
				CLANG_WARN_CONSTANT_CONVERSION = YES;
				CLANG_WARN_DIRECT_OBJC_ISA_USAGE = YES_ERROR;
				CLANG_WARN_EMPTY_BODY = YES;
				CLANG_WARN_ENUM_CONVERSION = YES;
				CLANG_WARN_INT_CONVERSION = YES;
				CLANG_WARN_OBJC_ROOT_CLASS = YES_ERROR;
				CLANG_WARN_UNREACHABLE_CODE = YES;
				CLANG_WARN__DUPLICATE_METHOD_MATCH = YES;
				"CODE_SIGN_IDENTITY[sdk=iphoneos*]" = "iPhone Developer";
				COPY_PHASE_STRIP = NO;
				DEBUG_INFORMATION_FORMAT = "dwarf-with-dsym";
				ENABLE_NS_ASSERTIONS = NO;
				ENABLE_STRICT_OBJC_MSGSEND = YES;
				GCC_C_LANGUAGE_STANDARD = gnu99;
				GCC_NO_COMMON_BLOCKS = YES;
				GCC_WARN_64_TO_32_BIT_CONVERSION = YES;
				GCC_WARN_ABOUT_RETURN_TYPE = YES_ERROR;
				GCC_WARN_UNDECLARED_SELECTOR = YES;
				GCC_WARN_UNINITIALIZED_AUTOS = YES_AGGRESSIVE;
				GCC_WARN_UNUSED_FUNCTION = YES;
				GCC_WARN_UNUSED_VARIABLE = YES;
				IPHONEOS_DEPLOYMENT_TARGET = 8.3;
				MTL_ENABLE_DEBUG_INFO = NO;
				SDKROOT = iphoneos;
				TARGETED_DEVICE_FAMILY = "1,2";
				VALIDATE_PRODUCT = YES;
			};
			name = Release;
		};
		11591AFC1CBA0071007B309D /* Debug */ = {
			isa = XCBuildConfiguration;
			buildSettings = {
				ASSETCATALOG_COMPILER_APPICON_NAME = AppIcon;
				INFOPLIST_FILE = demo/Info.plist;
				LD_RUNPATH_SEARCH_PATHS = "$(inherited) @executable_path/Frameworks";
				PRODUCT_NAME = "$(TARGET_NAME)";
			};
			name = Debug;
		};
		11591AFD1CBA0071007B309D /* Release */ = {
			isa = XCBuildConfiguration;
			buildSettings = {
				ASSETCATALOG_COMPILER_APPICON_NAME = AppIcon;
				INFOPLIST_FILE = demo/Info.plist;
				LD_RUNPATH_SEARCH_PATHS = "$(inherited) @executable_path/Frameworks";
				PRODUCT_NAME = "$(TARGET_NAME)";
			};
			name = Release;
		};
		11591AFF1CBA0071007B309D /* Debug */ = {
			isa = XCBuildConfiguration;
			buildSettings = {
				BUNDLE_LOADER = "$(TEST_HOST)";
				FRAMEWORK_SEARCH_PATHS = (
					"$(SDKROOT)/Developer/Library/Frameworks",
					"$(inherited)",
				);
				GCC_PREPROCESSOR_DEFINITIONS = (
					"DEBUG=1",
					"$(inherited)",
				);
				INFOPLIST_FILE = demoTests/Info.plist;
				LD_RUNPATH_SEARCH_PATHS = "$(inherited) @executable_path/Frameworks @loader_path/Frameworks";
				PRODUCT_NAME = "$(TARGET_NAME)";
				TEST_HOST = "$(BUILT_PRODUCTS_DIR)/demo.app/demo";
			};
			name = Debug;
		};
		11591B001CBA0071007B309D /* Release */ = {
			isa = XCBuildConfiguration;
			buildSettings = {
				BUNDLE_LOADER = "$(TEST_HOST)";
				FRAMEWORK_SEARCH_PATHS = (
					"$(SDKROOT)/Developer/Library/Frameworks",
					"$(inherited)",
				);
				INFOPLIST_FILE = demoTests/Info.plist;
				LD_RUNPATH_SEARCH_PATHS = "$(inherited) @executable_path/Frameworks @loader_path/Frameworks";
				PRODUCT_NAME = "$(TARGET_NAME)";
				TEST_HOST = "$(BUILT_PRODUCTS_DIR)/demo.app/demo";
			};
			name = Release;
		};
/* End XCBuildConfiguration section */

/* Begin XCConfigurationList section */
		11591AD31CBA0071007B309D /* Build configuration list for PBXProject "demo" */ = {
			isa = XCConfigurationList;
			buildConfigurations = (
				11591AF91CBA0071007B309D /* Debug */,
				11591AFA1CBA0071007B309D /* Release */,
			);
			defaultConfigurationIsVisible = 0;
			defaultConfigurationName = Release;
		};
		11591AFB1CBA0071007B309D /* Build configuration list for PBXNativeTarget "demo" */ = {
			isa = XCConfigurationList;
			buildConfigurations = (
				11591AFC1CBA0071007B309D /* Debug */,
				11591AFD1CBA0071007B309D /* Release */,
			);
			defaultConfigurationIsVisible = 0;
			defaultConfigurationName = Release;
		};
		11591AFE1CBA0071007B309D /* Build configuration list for PBXNativeTarget "demoTests" */ = {
			isa = XCConfigurationList;
			buildConfigurations = (
				11591AFF1CBA0071007B309D /* Debug */,
				11591B001CBA0071007B309D /* Release */,
			);
			defaultConfigurationIsVisible = 0;
			defaultConfigurationName = Release;
		};
/* End XCConfigurationList section */
	};
	rootObject = 11591AD01CBA0071007B309D /* Project object */;
}
